// !$*UTF8*$!
{
	archiveVersion = 1;
	classes = {
	};
	objectVersion = 56;
	objects = {

/* Begin PBXBuildFile section */
		2300CD182A9FA80600CA1807 /* Vapor_SocketsApp.swift in Sources */ = {isa = PBXBuildFile; fileRef = 2300CD172A9FA80600CA1807 /* Vapor_SocketsApp.swift */; };
		2300CD1A2A9FA80600CA1807 /* ContentView.swift in Sources */ = {isa = PBXBuildFile; fileRef = 2300CD192A9FA80600CA1807 /* ContentView.swift */; };
		2300CD1C2A9FA80800CA1807 /* Assets.xcassets in Resources */ = {isa = PBXBuildFile; fileRef = 2300CD1B2A9FA80800CA1807 /* Assets.xcassets */; };
		2300CD1F2A9FA80800CA1807 /* Preview Assets.xcassets in Resources */ = {isa = PBXBuildFile; fileRef = 2300CD1E2A9FA80800CA1807 /* Preview Assets.xcassets */; };
		2300CD292A9FA80800CA1807 /* Vapor_SocketsTests.swift in Sources */ = {isa = PBXBuildFile; fileRef = 2300CD282A9FA80800CA1807 /* Vapor_SocketsTests.swift */; };
		2300CD332A9FA80800CA1807 /* Vapor_SocketsUITests.swift in Sources */ = {isa = PBXBuildFile; fileRef = 2300CD322A9FA80800CA1807 /* Vapor_SocketsUITests.swift */; };
		2300CD352A9FA80800CA1807 /* Vapor_SocketsUITestsLaunchTests.swift in Sources */ = {isa = PBXBuildFile; fileRef = 2300CD342A9FA80800CA1807 /* Vapor_SocketsUITestsLaunchTests.swift */; };
		2300CD422A9FBEE900CA1807 /* WebsocketViewModel.swift in Sources */ = {isa = PBXBuildFile; fileRef = 2300CD412A9FBEE900CA1807 /* WebsocketViewModel.swift */; };
		2300CD442AA003F000CA1807 /* TypingAnimationView.swift in Sources */ = {isa = PBXBuildFile; fileRef = 2300CD432AA003F000CA1807 /* TypingAnimationView.swift */; };
		2300CD482AA00F0600CA1807 /* NIOWebSocket in Frameworks */ = {isa = PBXBuildFile; productRef = 2300CD472AA00F0600CA1807 /* NIOWebSocket */; };
		2300CD4B2AA03E8400CA1807 /* Starscream in Frameworks */ = {isa = PBXBuildFile; productRef = 2300CD4A2AA03E8400CA1807 /* Starscream */; };
		2300CD4E2AA12A9E00CA1807 /* SpriteKitGame.swift in Sources */ = {isa = PBXBuildFile; fileRef = 2300CD4D2AA12A9E00CA1807 /* SpriteKitGame.swift */; };
		2300CD502AA12AD500CA1807 /* RecycleGameView.swift in Sources */ = {isa = PBXBuildFile; fileRef = 2300CD4F2AA12AD500CA1807 /* RecycleGameView.swift */; };
		2308528A2AA81CF200C76ABB /* Vapor-Sockets.xcdatamodeld in Sources */ = {isa = PBXBuildFile; fileRef = 230852882AA81CF200C76ABB /* Vapor-Sockets.xcdatamodeld */; };
		2308528D2AA81D7600C76ABB /* ChatMessage+CoreDataClass.swift in Sources */ = {isa = PBXBuildFile; fileRef = 2308528B2AA81D7600C76ABB /* ChatMessage+CoreDataClass.swift */; };
		2308528E2AA81D7600C76ABB /* ChatMessage+CoreDataProperties.swift in Sources */ = {isa = PBXBuildFile; fileRef = 2308528C2AA81D7600C76ABB /* ChatMessage+CoreDataProperties.swift */; };
		230852912AA81DD800C76ABB /* PersistenceProvider.swift in Sources */ = {isa = PBXBuildFile; fileRef = 230852902AA81DD800C76ABB /* PersistenceProvider.swift */; };
		2367C6A42AA4B015006DAEF9 /* APIKeys.swift in Sources */ = {isa = PBXBuildFile; fileRef = 2367C6A32AA4B015006DAEF9 /* APIKeys.swift */; };
		2367C6A72AA550A9006DAEF9 /* WSCodable.swift in Sources */ = {isa = PBXBuildFile; fileRef = 2367C6A62AA550A9006DAEF9 /* WSCodable.swift */; };
		2367C6A92AA567E1006DAEF9 /* TypingMessage.swift in Sources */ = {isa = PBXBuildFile; fileRef = 2367C6A82AA567E0006DAEF9 /* TypingMessage.swift */; };
		2367C6AB2AA59DBD006DAEF9 /* StatusMessage.swift in Sources */ = {isa = PBXBuildFile; fileRef = 2367C6AA2AA59DBD006DAEF9 /* StatusMessage.swift */; };
		2367C6AD2AA5AEA3006DAEF9 /* ReactionMessage.swift in Sources */ = {isa = PBXBuildFile; fileRef = 2367C6AC2AA5AEA3006DAEF9 /* ReactionMessage.swift */; };
		2367C6AF2AA5B606006DAEF9 /* ChatReaction.swift in Sources */ = {isa = PBXBuildFile; fileRef = 2367C6AE2AA5B606006DAEF9 /* ChatReaction.swift */; };
		2367C6B32AA5C9C7006DAEF9 /* ChatReactionMenu.swift in Sources */ = {isa = PBXBuildFile; fileRef = 2367C6B22AA5C9C7006DAEF9 /* ChatReactionMenu.swift */; };
		23C855392AA437C600105B25 /* WSChatMessage.swift in Sources */ = {isa = PBXBuildFile; fileRef = 23C855382AA437C600105B25 /* WSChatMessage.swift */; };
		23C8553B2AA4413500105B25 /* MessageCodables.swift in Sources */ = {isa = PBXBuildFile; fileRef = 23C8553A2AA4413500105B25 /* MessageCodables.swift */; };
		23C855402AA4487700105B25 /* ChatBubbleView.swift in Sources */ = {isa = PBXBuildFile; fileRef = 23C8553F2AA4487700105B25 /* ChatBubbleView.swift */; };
/* End PBXBuildFile section */

/* Begin PBXContainerItemProxy section */
		2300CD252A9FA80800CA1807 /* PBXContainerItemProxy */ = {
			isa = PBXContainerItemProxy;
			containerPortal = 2300CD0C2A9FA80600CA1807 /* Project object */;
			proxyType = 1;
			remoteGlobalIDString = 2300CD132A9FA80600CA1807;
			remoteInfo = "Vapor-Sockets";
		};
		2300CD2F2A9FA80800CA1807 /* PBXContainerItemProxy */ = {
			isa = PBXContainerItemProxy;
			containerPortal = 2300CD0C2A9FA80600CA1807 /* Project object */;
			proxyType = 1;
			remoteGlobalIDString = 2300CD132A9FA80600CA1807;
			remoteInfo = "Vapor-Sockets";
		};
/* End PBXContainerItemProxy section */

/* Begin PBXFileReference section */
		2300CD142A9FA80600CA1807 /* Vapor-Sockets.app */ = {isa = PBXFileReference; explicitFileType = wrapper.application; includeInIndex = 0; path = "Vapor-Sockets.app"; sourceTree = BUILT_PRODUCTS_DIR; };
		2300CD172A9FA80600CA1807 /* Vapor_SocketsApp.swift */ = {isa = PBXFileReference; lastKnownFileType = sourcecode.swift; path = Vapor_SocketsApp.swift; sourceTree = "<group>"; };
		2300CD192A9FA80600CA1807 /* ContentView.swift */ = {isa = PBXFileReference; lastKnownFileType = sourcecode.swift; path = ContentView.swift; sourceTree = "<group>"; };
		2300CD1B2A9FA80800CA1807 /* Assets.xcassets */ = {isa = PBXFileReference; lastKnownFileType = folder.assetcatalog; path = Assets.xcassets; sourceTree = "<group>"; };
		2300CD1E2A9FA80800CA1807 /* Preview Assets.xcassets */ = {isa = PBXFileReference; lastKnownFileType = folder.assetcatalog; path = "Preview Assets.xcassets"; sourceTree = "<group>"; };
		2300CD242A9FA80800CA1807 /* Vapor-SocketsTests.xctest */ = {isa = PBXFileReference; explicitFileType = wrapper.cfbundle; includeInIndex = 0; path = "Vapor-SocketsTests.xctest"; sourceTree = BUILT_PRODUCTS_DIR; };
		2300CD282A9FA80800CA1807 /* Vapor_SocketsTests.swift */ = {isa = PBXFileReference; lastKnownFileType = sourcecode.swift; path = Vapor_SocketsTests.swift; sourceTree = "<group>"; };
		2300CD2E2A9FA80800CA1807 /* Vapor-SocketsUITests.xctest */ = {isa = PBXFileReference; explicitFileType = wrapper.cfbundle; includeInIndex = 0; path = "Vapor-SocketsUITests.xctest"; sourceTree = BUILT_PRODUCTS_DIR; };
		2300CD322A9FA80800CA1807 /* Vapor_SocketsUITests.swift */ = {isa = PBXFileReference; lastKnownFileType = sourcecode.swift; path = Vapor_SocketsUITests.swift; sourceTree = "<group>"; };
		2300CD342A9FA80800CA1807 /* Vapor_SocketsUITestsLaunchTests.swift */ = {isa = PBXFileReference; lastKnownFileType = sourcecode.swift; path = Vapor_SocketsUITestsLaunchTests.swift; sourceTree = "<group>"; };
		2300CD412A9FBEE900CA1807 /* WebsocketViewModel.swift */ = {isa = PBXFileReference; lastKnownFileType = sourcecode.swift; path = WebsocketViewModel.swift; sourceTree = "<group>"; };
		2300CD432AA003F000CA1807 /* TypingAnimationView.swift */ = {isa = PBXFileReference; lastKnownFileType = sourcecode.swift; path = TypingAnimationView.swift; sourceTree = "<group>"; };
		2300CD452AA00AC000CA1807 /* Info.plist */ = {isa = PBXFileReference; lastKnownFileType = text.plist; path = Info.plist; sourceTree = "<group>"; };
		2300CD4D2AA12A9E00CA1807 /* SpriteKitGame.swift */ = {isa = PBXFileReference; lastKnownFileType = sourcecode.swift; path = SpriteKitGame.swift; sourceTree = "<group>"; };
		2300CD4F2AA12AD500CA1807 /* RecycleGameView.swift */ = {isa = PBXFileReference; lastKnownFileType = sourcecode.swift; path = RecycleGameView.swift; sourceTree = "<group>"; };
		230852892AA81CF200C76ABB /* ChatDataBase.xcdatamodel */ = {isa = PBXFileReference; lastKnownFileType = wrapper.xcdatamodel; path = ChatDataBase.xcdatamodel; sourceTree = "<group>"; };
		2308528B2AA81D7600C76ABB /* ChatMessage+CoreDataClass.swift */ = {isa = PBXFileReference; lastKnownFileType = sourcecode.swift; path = "ChatMessage+CoreDataClass.swift"; sourceTree = "<group>"; };
		2308528C2AA81D7600C76ABB /* ChatMessage+CoreDataProperties.swift */ = {isa = PBXFileReference; lastKnownFileType = sourcecode.swift; path = "ChatMessage+CoreDataProperties.swift"; sourceTree = "<group>"; };
		230852902AA81DD800C76ABB /* PersistenceProvider.swift */ = {isa = PBXFileReference; lastKnownFileType = sourcecode.swift; path = PersistenceProvider.swift; sourceTree = "<group>"; };
		2367C6A32AA4B015006DAEF9 /* APIKeys.swift */ = {isa = PBXFileReference; lastKnownFileType = sourcecode.swift; path = APIKeys.swift; sourceTree = "<group>"; };
		2367C6A62AA550A9006DAEF9 /* WSCodable.swift */ = {isa = PBXFileReference; lastKnownFileType = sourcecode.swift; path = WSCodable.swift; sourceTree = "<group>"; };
		2367C6A82AA567E0006DAEF9 /* TypingMessage.swift */ = {isa = PBXFileReference; lastKnownFileType = sourcecode.swift; path = TypingMessage.swift; sourceTree = "<group>"; };
		2367C6AA2AA59DBD006DAEF9 /* StatusMessage.swift */ = {isa = PBXFileReference; lastKnownFileType = sourcecode.swift; path = StatusMessage.swift; sourceTree = "<group>"; };
		2367C6AC2AA5AEA3006DAEF9 /* ReactionMessage.swift */ = {isa = PBXFileReference; lastKnownFileType = sourcecode.swift; path = ReactionMessage.swift; sourceTree = "<group>"; };
		2367C6AE2AA5B606006DAEF9 /* ChatReaction.swift */ = {isa = PBXFileReference; lastKnownFileType = sourcecode.swift; path = ChatReaction.swift; sourceTree = "<group>"; };
		2367C6B22AA5C9C7006DAEF9 /* ChatReactionMenu.swift */ = {isa = PBXFileReference; lastKnownFileType = sourcecode.swift; path = ChatReactionMenu.swift; sourceTree = "<group>"; };
		23C855382AA437C600105B25 /* WSChatMessage.swift */ = {isa = PBXFileReference; lastKnownFileType = sourcecode.swift; path = WSChatMessage.swift; sourceTree = "<group>"; };
		23C8553A2AA4413500105B25 /* MessageCodables.swift */ = {isa = PBXFileReference; lastKnownFileType = sourcecode.swift; path = MessageCodables.swift; sourceTree = "<group>"; };
		23C8553F2AA4487700105B25 /* ChatBubbleView.swift */ = {isa = PBXFileReference; lastKnownFileType = sourcecode.swift; path = ChatBubbleView.swift; sourceTree = "<group>"; };
/* End PBXFileReference section */

/* Begin PBXFrameworksBuildPhase section */
		2300CD112A9FA80600CA1807 /* Frameworks */ = {
			isa = PBXFrameworksBuildPhase;
			buildActionMask = 2147483647;
			files = (
				2300CD482AA00F0600CA1807 /* NIOWebSocket in Frameworks */,
				2300CD4B2AA03E8400CA1807 /* Starscream in Frameworks */,
			);
			runOnlyForDeploymentPostprocessing = 0;
		};
		2300CD212A9FA80800CA1807 /* Frameworks */ = {
			isa = PBXFrameworksBuildPhase;
			buildActionMask = 2147483647;
			files = (
			);
			runOnlyForDeploymentPostprocessing = 0;
		};
		2300CD2B2A9FA80800CA1807 /* Frameworks */ = {
			isa = PBXFrameworksBuildPhase;
			buildActionMask = 2147483647;
			files = (
			);
			runOnlyForDeploymentPostprocessing = 0;
		};
/* End PBXFrameworksBuildPhase section */

/* Begin PBXGroup section */
		2300CD0B2A9FA80600CA1807 = {
			isa = PBXGroup;
			children = (
				230852882AA81CF200C76ABB /* Vapor-Sockets.xcdatamodeld */,
				2300CD162A9FA80600CA1807 /* Vapor-Sockets */,
				2300CD272A9FA80800CA1807 /* Vapor-SocketsTests */,
				2300CD312A9FA80800CA1807 /* Vapor-SocketsUITests */,
				2300CD152A9FA80600CA1807 /* Products */,
			);
			sourceTree = "<group>";
		};
		2300CD152A9FA80600CA1807 /* Products */ = {
			isa = PBXGroup;
			children = (
				2300CD142A9FA80600CA1807 /* Vapor-Sockets.app */,
				2300CD242A9FA80800CA1807 /* Vapor-SocketsTests.xctest */,
				2300CD2E2A9FA80800CA1807 /* Vapor-SocketsUITests.xctest */,
			);
			name = Products;
			sourceTree = "<group>";
		};
		2300CD162A9FA80600CA1807 /* Vapor-Sockets */ = {
			isa = PBXGroup;
			children = (
				2308528F2AA81D8900C76ABB /* CoreData */,
				23C855362AA437B400105B25 /* Chat */,
				2300CD4C2AA12A8600CA1807 /* WebSocketWithGame */,
				2300CD452AA00AC000CA1807 /* Info.plist */,
				2300CD172A9FA80600CA1807 /* Vapor_SocketsApp.swift */,
				2300CD192A9FA80600CA1807 /* ContentView.swift */,
				2300CD1B2A9FA80800CA1807 /* Assets.xcassets */,
				2300CD1D2A9FA80800CA1807 /* Preview Content */,
				2367C6A32AA4B015006DAEF9 /* APIKeys.swift */,
			);
			path = "Vapor-Sockets";
			sourceTree = "<group>";
		};
		2300CD1D2A9FA80800CA1807 /* Preview Content */ = {
			isa = PBXGroup;
			children = (
				2300CD1E2A9FA80800CA1807 /* Preview Assets.xcassets */,
			);
			path = "Preview Content";
			sourceTree = "<group>";
		};
		2300CD272A9FA80800CA1807 /* Vapor-SocketsTests */ = {
			isa = PBXGroup;
			children = (
				2300CD282A9FA80800CA1807 /* Vapor_SocketsTests.swift */,
			);
			path = "Vapor-SocketsTests";
			sourceTree = "<group>";
		};
		2300CD312A9FA80800CA1807 /* Vapor-SocketsUITests */ = {
			isa = PBXGroup;
			children = (
				2300CD322A9FA80800CA1807 /* Vapor_SocketsUITests.swift */,
				2300CD342A9FA80800CA1807 /* Vapor_SocketsUITestsLaunchTests.swift */,
			);
			path = "Vapor-SocketsUITests";
			sourceTree = "<group>";
		};
		2300CD4C2AA12A8600CA1807 /* WebSocketWithGame */ = {
			isa = PBXGroup;
			children = (
				2300CD4D2AA12A9E00CA1807 /* SpriteKitGame.swift */,
				2300CD4F2AA12AD500CA1807 /* RecycleGameView.swift */,
			);
			path = WebSocketWithGame;
			sourceTree = "<group>";
		};
		2308528F2AA81D8900C76ABB /* CoreData */ = {
			isa = PBXGroup;
			children = (
				2308528B2AA81D7600C76ABB /* ChatMessage+CoreDataClass.swift */,
				2308528C2AA81D7600C76ABB /* ChatMessage+CoreDataProperties.swift */,
				230852902AA81DD800C76ABB /* PersistenceProvider.swift */,
			);
			path = CoreData;
			sourceTree = "<group>";
		};
		230852942AA8222700C76ABB /* ViewModel */ = {
			isa = PBXGroup;
			children = (
				2300CD412A9FBEE900CA1807 /* WebsocketViewModel.swift */,
			);
			path = ViewModel;
			sourceTree = "<group>";
		};
		2367C6A52AA5508F006DAEF9 /* WSCodable */ = {
			isa = PBXGroup;
			children = (
				2367C6A62AA550A9006DAEF9 /* WSCodable.swift */,
				2367C6AA2AA59DBD006DAEF9 /* StatusMessage.swift */,
				2367C6AE2AA5B606006DAEF9 /* ChatReaction.swift */,
			);
			path = WSCodable;
			sourceTree = "<group>";
		};
		23C855362AA437B400105B25 /* Chat */ = {
			isa = PBXGroup;
			children = (
				230852942AA8222700C76ABB /* ViewModel */,
				23C8553C2AA4480F00105B25 /* Components */,
				23C855372AA437BC00105B25 /* Model */,
			);
			path = Chat;
			sourceTree = "<group>";
		};
		23C855372AA437BC00105B25 /* Model */ = {
			isa = PBXGroup;
			children = (
				2367C6A52AA5508F006DAEF9 /* WSCodable */,
				23C855382AA437C600105B25 /* WSChatMessage.swift */,
				23C8553A2AA4413500105B25 /* MessageCodables.swift */,
				2367C6A82AA567E0006DAEF9 /* TypingMessage.swift */,
				2367C6AC2AA5AEA3006DAEF9 /* ReactionMessage.swift */,
			);
			path = Model;
			sourceTree = "<group>";
		};
		23C8553C2AA4480F00105B25 /* Components */ = {
			isa = PBXGroup;
			children = (
				2300CD432AA003F000CA1807 /* TypingAnimationView.swift */,
				23C8553F2AA4487700105B25 /* ChatBubbleView.swift */,
				2367C6B22AA5C9C7006DAEF9 /* ChatReactionMenu.swift */,
			);
			path = Components;
			sourceTree = "<group>";
		};
/* End PBXGroup section */

/* Begin PBXNativeTarget section */
		2300CD132A9FA80600CA1807 /* Vapor-Sockets */ = {
			isa = PBXNativeTarget;
			buildConfigurationList = 2300CD382A9FA80800CA1807 /* Build configuration list for PBXNativeTarget "Vapor-Sockets" */;
			buildPhases = (
				2300CD102A9FA80600CA1807 /* Sources */,
				2300CD112A9FA80600CA1807 /* Frameworks */,
				2300CD122A9FA80600CA1807 /* Resources */,
			);
			buildRules = (
			);
			dependencies = (
			);
			name = "Vapor-Sockets";
			packageProductDependencies = (
				2300CD472AA00F0600CA1807 /* NIOWebSocket */,
				2300CD4A2AA03E8400CA1807 /* Starscream */,
			);
			productName = "Vapor-Sockets";
			productReference = 2300CD142A9FA80600CA1807 /* Vapor-Sockets.app */;
			productType = "com.apple.product-type.application";
		};
		2300CD232A9FA80800CA1807 /* Vapor-SocketsTests */ = {
			isa = PBXNativeTarget;
			buildConfigurationList = 2300CD3B2A9FA80800CA1807 /* Build configuration list for PBXNativeTarget "Vapor-SocketsTests" */;
			buildPhases = (
				2300CD202A9FA80800CA1807 /* Sources */,
				2300CD212A9FA80800CA1807 /* Frameworks */,
				2300CD222A9FA80800CA1807 /* Resources */,
			);
			buildRules = (
			);
			dependencies = (
				2300CD262A9FA80800CA1807 /* PBXTargetDependency */,
			);
			name = "Vapor-SocketsTests";
			productName = "Vapor-SocketsTests";
			productReference = 2300CD242A9FA80800CA1807 /* Vapor-SocketsTests.xctest */;
			productType = "com.apple.product-type.bundle.unit-test";
		};
		2300CD2D2A9FA80800CA1807 /* Vapor-SocketsUITests */ = {
			isa = PBXNativeTarget;
			buildConfigurationList = 2300CD3E2A9FA80800CA1807 /* Build configuration list for PBXNativeTarget "Vapor-SocketsUITests" */;
			buildPhases = (
				2300CD2A2A9FA80800CA1807 /* Sources */,
				2300CD2B2A9FA80800CA1807 /* Frameworks */,
				2300CD2C2A9FA80800CA1807 /* Resources */,
			);
			buildRules = (
			);
			dependencies = (
				2300CD302A9FA80800CA1807 /* PBXTargetDependency */,
			);
			name = "Vapor-SocketsUITests";
			productName = "Vapor-SocketsUITests";
			productReference = 2300CD2E2A9FA80800CA1807 /* Vapor-SocketsUITests.xctest */;
			productType = "com.apple.product-type.bundle.ui-testing";
		};
/* End PBXNativeTarget section */

/* Begin PBXProject section */
		2300CD0C2A9FA80600CA1807 /* Project object */ = {
			isa = PBXProject;
			attributes = {
				BuildIndependentTargetsInParallel = 1;
				LastSwiftUpdateCheck = 1430;
				LastUpgradeCheck = 1430;
				TargetAttributes = {
					2300CD132A9FA80600CA1807 = {
						CreatedOnToolsVersion = 14.3.1;
					};
					2300CD232A9FA80800CA1807 = {
						CreatedOnToolsVersion = 14.3.1;
						TestTargetID = 2300CD132A9FA80600CA1807;
					};
					2300CD2D2A9FA80800CA1807 = {
						CreatedOnToolsVersion = 14.3.1;
						TestTargetID = 2300CD132A9FA80600CA1807;
					};
				};
			};
			buildConfigurationList = 2300CD0F2A9FA80600CA1807 /* Build configuration list for PBXProject "Vapor-Sockets" */;
			compatibilityVersion = "Xcode 14.0";
			developmentRegion = en;
			hasScannedForEncodings = 0;
			knownRegions = (
				en,
				Base,
			);
			mainGroup = 2300CD0B2A9FA80600CA1807;
			packageReferences = (
				2300CD462AA00F0600CA1807 /* XCRemoteSwiftPackageReference "swift-nio" */,
				2300CD492AA03E8400CA1807 /* XCRemoteSwiftPackageReference "Starscream" */,
			);
			productRefGroup = 2300CD152A9FA80600CA1807 /* Products */;
			projectDirPath = "";
			projectRoot = "";
			targets = (
				2300CD132A9FA80600CA1807 /* Vapor-Sockets */,
				2300CD232A9FA80800CA1807 /* Vapor-SocketsTests */,
				2300CD2D2A9FA80800CA1807 /* Vapor-SocketsUITests */,
			);
		};
/* End PBXProject section */

/* Begin PBXResourcesBuildPhase section */
		2300CD122A9FA80600CA1807 /* Resources */ = {
			isa = PBXResourcesBuildPhase;
			buildActionMask = 2147483647;
			files = (
				2300CD1F2A9FA80800CA1807 /* Preview Assets.xcassets in Resources */,
				2300CD1C2A9FA80800CA1807 /* Assets.xcassets in Resources */,
			);
			runOnlyForDeploymentPostprocessing = 0;
		};
		2300CD222A9FA80800CA1807 /* Resources */ = {
			isa = PBXResourcesBuildPhase;
			buildActionMask = 2147483647;
			files = (
			);
			runOnlyForDeploymentPostprocessing = 0;
		};
		2300CD2C2A9FA80800CA1807 /* Resources */ = {
			isa = PBXResourcesBuildPhase;
			buildActionMask = 2147483647;
			files = (
			);
			runOnlyForDeploymentPostprocessing = 0;
		};
/* End PBXResourcesBuildPhase section */

/* Begin PBXSourcesBuildPhase section */
		2300CD102A9FA80600CA1807 /* Sources */ = {
			isa = PBXSourcesBuildPhase;
			buildActionMask = 2147483647;
			files = (
				2308528E2AA81D7600C76ABB /* ChatMessage+CoreDataProperties.swift in Sources */,
				23C855402AA4487700105B25 /* ChatBubbleView.swift in Sources */,
				2300CD1A2A9FA80600CA1807 /* ContentView.swift in Sources */,
				2300CD182A9FA80600CA1807 /* Vapor_SocketsApp.swift in Sources */,
				2300CD442AA003F000CA1807 /* TypingAnimationView.swift in Sources */,
				23C8553B2AA4413500105B25 /* MessageCodables.swift in Sources */,
				23C855392AA437C600105B25 /* WSChatMessage.swift in Sources */,
				2367C6AB2AA59DBD006DAEF9 /* StatusMessage.swift in Sources */,
				2367C6A42AA4B015006DAEF9 /* APIKeys.swift in Sources */,
				2367C6AD2AA5AEA3006DAEF9 /* ReactionMessage.swift in Sources */,
				2300CD422A9FBEE900CA1807 /* WebsocketViewModel.swift in Sources */,
				2300CD502AA12AD500CA1807 /* RecycleGameView.swift in Sources */,
				230852912AA81DD800C76ABB /* PersistenceProvider.swift in Sources */,
				2308528A2AA81CF200C76ABB /* Vapor-Sockets.xcdatamodeld in Sources */,
				2367C6B32AA5C9C7006DAEF9 /* ChatReactionMenu.swift in Sources */,
				2367C6AF2AA5B606006DAEF9 /* ChatReaction.swift in Sources */,
				2300CD4E2AA12A9E00CA1807 /* SpriteKitGame.swift in Sources */,
				2367C6A92AA567E1006DAEF9 /* TypingMessage.swift in Sources */,
				2367C6A72AA550A9006DAEF9 /* WSCodable.swift in Sources */,
				2308528D2AA81D7600C76ABB /* ChatMessage+CoreDataClass.swift in Sources */,
			);
			runOnlyForDeploymentPostprocessing = 0;
		};
		2300CD202A9FA80800CA1807 /* Sources */ = {
			isa = PBXSourcesBuildPhase;
			buildActionMask = 2147483647;
			files = (
				2300CD292A9FA80800CA1807 /* Vapor_SocketsTests.swift in Sources */,
			);
			runOnlyForDeploymentPostprocessing = 0;
		};
		2300CD2A2A9FA80800CA1807 /* Sources */ = {
			isa = PBXSourcesBuildPhase;
			buildActionMask = 2147483647;
			files = (
				2300CD352A9FA80800CA1807 /* Vapor_SocketsUITestsLaunchTests.swift in Sources */,
				2300CD332A9FA80800CA1807 /* Vapor_SocketsUITests.swift in Sources */,
			);
			runOnlyForDeploymentPostprocessing = 0;
		};
/* End PBXSourcesBuildPhase section */

/* Begin PBXTargetDependency section */
		2300CD262A9FA80800CA1807 /* PBXTargetDependency */ = {
			isa = PBXTargetDependency;
			target = 2300CD132A9FA80600CA1807 /* Vapor-Sockets */;
			targetProxy = 2300CD252A9FA80800CA1807 /* PBXContainerItemProxy */;
		};
		2300CD302A9FA80800CA1807 /* PBXTargetDependency */ = {
			isa = PBXTargetDependency;
			target = 2300CD132A9FA80600CA1807 /* Vapor-Sockets */;
			targetProxy = 2300CD2F2A9FA80800CA1807 /* PBXContainerItemProxy */;
		};
/* End PBXTargetDependency section */

/* Begin XCBuildConfiguration section */
		2300CD362A9FA80800CA1807 /* Debug */ = {
			isa = XCBuildConfiguration;
			buildSettings = {
				ALWAYS_SEARCH_USER_PATHS = NO;
				CLANG_ANALYZER_NONNULL = YES;
				CLANG_ANALYZER_NUMBER_OBJECT_CONVERSION = YES_AGGRESSIVE;
				CLANG_CXX_LANGUAGE_STANDARD = "gnu++20";
				CLANG_ENABLE_MODULES = YES;
				CLANG_ENABLE_OBJC_ARC = YES;
				CLANG_ENABLE_OBJC_WEAK = YES;
				CLANG_WARN_BLOCK_CAPTURE_AUTORELEASING = YES;
				CLANG_WARN_BOOL_CONVERSION = YES;
				CLANG_WARN_COMMA = YES;
				CLANG_WARN_CONSTANT_CONVERSION = YES;
				CLANG_WARN_DEPRECATED_OBJC_IMPLEMENTATIONS = YES;
				CLANG_WARN_DIRECT_OBJC_ISA_USAGE = YES_ERROR;
				CLANG_WARN_DOCUMENTATION_COMMENTS = YES;
				CLANG_WARN_EMPTY_BODY = YES;
				CLANG_WARN_ENUM_CONVERSION = YES;
				CLANG_WARN_INFINITE_RECURSION = YES;
				CLANG_WARN_INT_CONVERSION = YES;
				CLANG_WARN_NON_LITERAL_NULL_CONVERSION = YES;
				CLANG_WARN_OBJC_IMPLICIT_RETAIN_SELF = YES;
				CLANG_WARN_OBJC_LITERAL_CONVERSION = YES;
				CLANG_WARN_OBJC_ROOT_CLASS = YES_ERROR;
				CLANG_WARN_QUOTED_INCLUDE_IN_FRAMEWORK_HEADER = YES;
				CLANG_WARN_RANGE_LOOP_ANALYSIS = YES;
				CLANG_WARN_STRICT_PROTOTYPES = YES;
				CLANG_WARN_SUSPICIOUS_MOVE = YES;
				CLANG_WARN_UNGUARDED_AVAILABILITY = YES_AGGRESSIVE;
				CLANG_WARN_UNREACHABLE_CODE = YES;
				CLANG_WARN__DUPLICATE_METHOD_MATCH = YES;
				COPY_PHASE_STRIP = NO;
				DEBUG_INFORMATION_FORMAT = dwarf;
				ENABLE_STRICT_OBJC_MSGSEND = YES;
				ENABLE_TESTABILITY = YES;
				GCC_C_LANGUAGE_STANDARD = gnu11;
				GCC_DYNAMIC_NO_PIC = NO;
				GCC_NO_COMMON_BLOCKS = YES;
				GCC_OPTIMIZATION_LEVEL = 0;
				GCC_PREPROCESSOR_DEFINITIONS = (
					"DEBUG=1",
					"$(inherited)",
				);
				GCC_WARN_64_TO_32_BIT_CONVERSION = YES;
				GCC_WARN_ABOUT_RETURN_TYPE = YES_ERROR;
				GCC_WARN_UNDECLARED_SELECTOR = YES;
				GCC_WARN_UNINITIALIZED_AUTOS = YES_AGGRESSIVE;
				GCC_WARN_UNUSED_FUNCTION = YES;
				GCC_WARN_UNUSED_VARIABLE = YES;
				IPHONEOS_DEPLOYMENT_TARGET = 16.4;
				MTL_ENABLE_DEBUG_INFO = INCLUDE_SOURCE;
				MTL_FAST_MATH = YES;
				ONLY_ACTIVE_ARCH = YES;
				SDKROOT = iphoneos;
				SWIFT_ACTIVE_COMPILATION_CONDITIONS = DEBUG;
				SWIFT_OPTIMIZATION_LEVEL = "-Onone";
			};
			name = Debug;
		};
		2300CD372A9FA80800CA1807 /* Release */ = {
			isa = XCBuildConfiguration;
			buildSettings = {
				ALWAYS_SEARCH_USER_PATHS = NO;
				CLANG_ANALYZER_NONNULL = YES;
				CLANG_ANALYZER_NUMBER_OBJECT_CONVERSION = YES_AGGRESSIVE;
				CLANG_CXX_LANGUAGE_STANDARD = "gnu++20";
				CLANG_ENABLE_MODULES = YES;
				CLANG_ENABLE_OBJC_ARC = YES;
				CLANG_ENABLE_OBJC_WEAK = YES;
				CLANG_WARN_BLOCK_CAPTURE_AUTORELEASING = YES;
				CLANG_WARN_BOOL_CONVERSION = YES;
				CLANG_WARN_COMMA = YES;
				CLANG_WARN_CONSTANT_CONVERSION = YES;
				CLANG_WARN_DEPRECATED_OBJC_IMPLEMENTATIONS = YES;
				CLANG_WARN_DIRECT_OBJC_ISA_USAGE = YES_ERROR;
				CLANG_WARN_DOCUMENTATION_COMMENTS = YES;
				CLANG_WARN_EMPTY_BODY = YES;
				CLANG_WARN_ENUM_CONVERSION = YES;
				CLANG_WARN_INFINITE_RECURSION = YES;
				CLANG_WARN_INT_CONVERSION = YES;
				CLANG_WARN_NON_LITERAL_NULL_CONVERSION = YES;
				CLANG_WARN_OBJC_IMPLICIT_RETAIN_SELF = YES;
				CLANG_WARN_OBJC_LITERAL_CONVERSION = YES;
				CLANG_WARN_OBJC_ROOT_CLASS = YES_ERROR;
				CLANG_WARN_QUOTED_INCLUDE_IN_FRAMEWORK_HEADER = YES;
				CLANG_WARN_RANGE_LOOP_ANALYSIS = YES;
				CLANG_WARN_STRICT_PROTOTYPES = YES;
				CLANG_WARN_SUSPICIOUS_MOVE = YES;
				CLANG_WARN_UNGUARDED_AVAILABILITY = YES_AGGRESSIVE;
				CLANG_WARN_UNREACHABLE_CODE = YES;
				CLANG_WARN__DUPLICATE_METHOD_MATCH = YES;
				COPY_PHASE_STRIP = NO;
				DEBUG_INFORMATION_FORMAT = "dwarf-with-dsym";
				ENABLE_NS_ASSERTIONS = NO;
				ENABLE_STRICT_OBJC_MSGSEND = YES;
				GCC_C_LANGUAGE_STANDARD = gnu11;
				GCC_NO_COMMON_BLOCKS = YES;
				GCC_WARN_64_TO_32_BIT_CONVERSION = YES;
				GCC_WARN_ABOUT_RETURN_TYPE = YES_ERROR;
				GCC_WARN_UNDECLARED_SELECTOR = YES;
				GCC_WARN_UNINITIALIZED_AUTOS = YES_AGGRESSIVE;
				GCC_WARN_UNUSED_FUNCTION = YES;
				GCC_WARN_UNUSED_VARIABLE = YES;
				IPHONEOS_DEPLOYMENT_TARGET = 16.4;
				MTL_ENABLE_DEBUG_INFO = NO;
				MTL_FAST_MATH = YES;
				SDKROOT = iphoneos;
				SWIFT_COMPILATION_MODE = wholemodule;
				SWIFT_OPTIMIZATION_LEVEL = "-O";
				VALIDATE_PRODUCT = YES;
			};
			name = Release;
		};
		2300CD392A9FA80800CA1807 /* Debug */ = {
			isa = XCBuildConfiguration;
			buildSettings = {
				ASSETCATALOG_COMPILER_APPICON_NAME = AppIcon;
				ASSETCATALOG_COMPILER_GLOBAL_ACCENT_COLOR_NAME = AccentColor;
				CODE_SIGN_STYLE = Automatic;
				CURRENT_PROJECT_VERSION = 1;
				DEVELOPMENT_ASSET_PATHS = "\"Vapor-Sockets/Preview Content\"";
				DEVELOPMENT_TEAM = TPM3CS87N5;
				ENABLE_PREVIEWS = YES;
				GENERATE_INFOPLIST_FILE = YES;
				INFOPLIST_FILE = "Vapor-Sockets/Info.plist";
				INFOPLIST_KEY_UIApplicationSceneManifest_Generation = YES;
				INFOPLIST_KEY_UIApplicationSupportsIndirectInputEvents = YES;
				INFOPLIST_KEY_UILaunchScreen_Generation = YES;
				INFOPLIST_KEY_UISupportedInterfaceOrientations_iPad = "UIInterfaceOrientationPortrait UIInterfaceOrientationPortraitUpsideDown UIInterfaceOrientationLandscapeLeft UIInterfaceOrientationLandscapeRight";
				INFOPLIST_KEY_UISupportedInterfaceOrientations_iPhone = "UIInterfaceOrientationPortrait UIInterfaceOrientationLandscapeLeft UIInterfaceOrientationLandscapeRight";
				LD_RUNPATH_SEARCH_PATHS = (
					"$(inherited)",
					"@executable_path/Frameworks",
				);
				MARKETING_VERSION = 1.0;
				PRODUCT_BUNDLE_IDENTIFIER = "filipeilunga.Vapor-Sockets";
				PRODUCT_NAME = "$(TARGET_NAME)";
				SWIFT_EMIT_LOC_STRINGS = YES;
				SWIFT_VERSION = 5.0;
				TARGETED_DEVICE_FAMILY = "1,2";
			};
			name = Debug;
		};
		2300CD3A2A9FA80800CA1807 /* Release */ = {
			isa = XCBuildConfiguration;
			buildSettings = {
				ASSETCATALOG_COMPILER_APPICON_NAME = AppIcon;
				ASSETCATALOG_COMPILER_GLOBAL_ACCENT_COLOR_NAME = AccentColor;
				CODE_SIGN_STYLE = Automatic;
				CURRENT_PROJECT_VERSION = 1;
				DEVELOPMENT_ASSET_PATHS = "\"Vapor-Sockets/Preview Content\"";
				DEVELOPMENT_TEAM = TPM3CS87N5;
				ENABLE_PREVIEWS = YES;
				GENERATE_INFOPLIST_FILE = YES;
				INFOPLIST_FILE = "Vapor-Sockets/Info.plist";
				INFOPLIST_KEY_UIApplicationSceneManifest_Generation = YES;
				INFOPLIST_KEY_UIApplicationSupportsIndirectInputEvents = YES;
				INFOPLIST_KEY_UILaunchScreen_Generation = YES;
				INFOPLIST_KEY_UISupportedInterfaceOrientations_iPad = "UIInterfaceOrientationPortrait UIInterfaceOrientationPortraitUpsideDown UIInterfaceOrientationLandscapeLeft UIInterfaceOrientationLandscapeRight";
				INFOPLIST_KEY_UISupportedInterfaceOrientations_iPhone = "UIInterfaceOrientationPortrait UIInterfaceOrientationLandscapeLeft UIInterfaceOrientationLandscapeRight";
				LD_RUNPATH_SEARCH_PATHS = (
					"$(inherited)",
					"@executable_path/Frameworks",
				);
				MARKETING_VERSION = 1.0;
				PRODUCT_BUNDLE_IDENTIFIER = "filipeilunga.Vapor-Sockets";
				PRODUCT_NAME = "$(TARGET_NAME)";
				SWIFT_EMIT_LOC_STRINGS = YES;
				SWIFT_VERSION = 5.0;
				TARGETED_DEVICE_FAMILY = "1,2";
			};
			name = Release;
		};
		2300CD3C2A9FA80800CA1807 /* Debug */ = {
			isa = XCBuildConfiguration;
			buildSettings = {
				ALWAYS_EMBED_SWIFT_STANDARD_LIBRARIES = YES;
				BUNDLE_LOADER = "$(TEST_HOST)";
				CODE_SIGN_STYLE = Automatic;
				CURRENT_PROJECT_VERSION = 1;
				DEVELOPMENT_TEAM = TPM3CS87N5;
				GENERATE_INFOPLIST_FILE = YES;
				IPHONEOS_DEPLOYMENT_TARGET = 16.4;
				MARKETING_VERSION = 1.0;
				PRODUCT_BUNDLE_IDENTIFIER = "filipeilunga.Vapor-SocketsTests";
				PRODUCT_NAME = "$(TARGET_NAME)";
				SWIFT_EMIT_LOC_STRINGS = NO;
				SWIFT_VERSION = 5.0;
				TARGETED_DEVICE_FAMILY = "1,2";
				TEST_HOST = "$(BUILT_PRODUCTS_DIR)/Vapor-Sockets.app/$(BUNDLE_EXECUTABLE_FOLDER_PATH)/Vapor-Sockets";
			};
			name = Debug;
		};
		2300CD3D2A9FA80800CA1807 /* Release */ = {
			isa = XCBuildConfiguration;
			buildSettings = {
				ALWAYS_EMBED_SWIFT_STANDARD_LIBRARIES = YES;
				BUNDLE_LOADER = "$(TEST_HOST)";
				CODE_SIGN_STYLE = Automatic;
				CURRENT_PROJECT_VERSION = 1;
				DEVELOPMENT_TEAM = TPM3CS87N5;
				GENERATE_INFOPLIST_FILE = YES;
				IPHONEOS_DEPLOYMENT_TARGET = 16.4;
				MARKETING_VERSION = 1.0;
				PRODUCT_BUNDLE_IDENTIFIER = "filipeilunga.Vapor-SocketsTests";
				PRODUCT_NAME = "$(TARGET_NAME)";
				SWIFT_EMIT_LOC_STRINGS = NO;
				SWIFT_VERSION = 5.0;
				TARGETED_DEVICE_FAMILY = "1,2";
				TEST_HOST = "$(BUILT_PRODUCTS_DIR)/Vapor-Sockets.app/$(BUNDLE_EXECUTABLE_FOLDER_PATH)/Vapor-Sockets";
			};
			name = Release;
		};
		2300CD3F2A9FA80800CA1807 /* Debug */ = {
			isa = XCBuildConfiguration;
			buildSettings = {
				ALWAYS_EMBED_SWIFT_STANDARD_LIBRARIES = YES;
				CODE_SIGN_STYLE = Automatic;
				CURRENT_PROJECT_VERSION = 1;
				DEVELOPMENT_TEAM = TPM3CS87N5;
				GENERATE_INFOPLIST_FILE = YES;
				MARKETING_VERSION = 1.0;
				PRODUCT_BUNDLE_IDENTIFIER = "filipeilunga.Vapor-SocketsUITests";
				PRODUCT_NAME = "$(TARGET_NAME)";
				SWIFT_EMIT_LOC_STRINGS = NO;
				SWIFT_VERSION = 5.0;
				TARGETED_DEVICE_FAMILY = "1,2";
				TEST_TARGET_NAME = "Vapor-Sockets";
			};
			name = Debug;
		};
		2300CD402A9FA80800CA1807 /* Release */ = {
			isa = XCBuildConfiguration;
			buildSettings = {
				ALWAYS_EMBED_SWIFT_STANDARD_LIBRARIES = YES;
				CODE_SIGN_STYLE = Automatic;
				CURRENT_PROJECT_VERSION = 1;
				DEVELOPMENT_TEAM = TPM3CS87N5;
				GENERATE_INFOPLIST_FILE = YES;
				MARKETING_VERSION = 1.0;
				PRODUCT_BUNDLE_IDENTIFIER = "filipeilunga.Vapor-SocketsUITests";
				PRODUCT_NAME = "$(TARGET_NAME)";
				SWIFT_EMIT_LOC_STRINGS = NO;
				SWIFT_VERSION = 5.0;
				TARGETED_DEVICE_FAMILY = "1,2";
				TEST_TARGET_NAME = "Vapor-Sockets";
			};
			name = Release;
		};
/* End XCBuildConfiguration section */

/* Begin XCConfigurationList section */
		2300CD0F2A9FA80600CA1807 /* Build configuration list for PBXProject "Vapor-Sockets" */ = {
			isa = XCConfigurationList;
			buildConfigurations = (
				2300CD362A9FA80800CA1807 /* Debug */,
				2300CD372A9FA80800CA1807 /* Release */,
			);
			defaultConfigurationIsVisible = 0;
			defaultConfigurationName = Release;
		};
		2300CD382A9FA80800CA1807 /* Build configuration list for PBXNativeTarget "Vapor-Sockets" */ = {
			isa = XCConfigurationList;
			buildConfigurations = (
				2300CD392A9FA80800CA1807 /* Debug */,
				2300CD3A2A9FA80800CA1807 /* Release */,
			);
			defaultConfigurationIsVisible = 0;
			defaultConfigurationName = Release;
		};
		2300CD3B2A9FA80800CA1807 /* Build configuration list for PBXNativeTarget "Vapor-SocketsTests" */ = {
			isa = XCConfigurationList;
			buildConfigurations = (
				2300CD3C2A9FA80800CA1807 /* Debug */,
				2300CD3D2A9FA80800CA1807 /* Release */,
			);
			defaultConfigurationIsVisible = 0;
			defaultConfigurationName = Release;
		};
		2300CD3E2A9FA80800CA1807 /* Build configuration list for PBXNativeTarget "Vapor-SocketsUITests" */ = {
			isa = XCConfigurationList;
			buildConfigurations = (
				2300CD3F2A9FA80800CA1807 /* Debug */,
				2300CD402A9FA80800CA1807 /* Release */,
			);
			defaultConfigurationIsVisible = 0;
			defaultConfigurationName = Release;
		};
/* End XCConfigurationList section */

/* Begin XCRemoteSwiftPackageReference section */
		2300CD462AA00F0600CA1807 /* XCRemoteSwiftPackageReference "swift-nio" */ = {
			isa = XCRemoteSwiftPackageReference;
			repositoryURL = "https://github.com/apple/swift-nio.git";
			requirement = {
				kind = upToNextMajorVersion;
				minimumVersion = 2.0.0;
			};
		};
		2300CD492AA03E8400CA1807 /* XCRemoteSwiftPackageReference "Starscream" */ = {
			isa = XCRemoteSwiftPackageReference;
			repositoryURL = "https://github.com/daltoniam/Starscream";
			requirement = {
				kind = upToNextMajorVersion;
				minimumVersion = 4.0.0;
			};
		};
/* End XCRemoteSwiftPackageReference section */

/* Begin XCSwiftPackageProductDependency section */
		2300CD472AA00F0600CA1807 /* NIOWebSocket */ = {
			isa = XCSwiftPackageProductDependency;
			package = 2300CD462AA00F0600CA1807 /* XCRemoteSwiftPackageReference "swift-nio" */;
			productName = NIOWebSocket;
		};
		2300CD4A2AA03E8400CA1807 /* Starscream */ = {
			isa = XCSwiftPackageProductDependency;
			package = 2300CD492AA03E8400CA1807 /* XCRemoteSwiftPackageReference "Starscream" */;
			productName = Starscream;
		};
/* End XCSwiftPackageProductDependency section */

/* Begin XCVersionGroup section */
		230852882AA81CF200C76ABB /* Vapor-Sockets.xcdatamodeld */ = {
			isa = XCVersionGroup;
			children = (
				230852892AA81CF200C76ABB /* ChatDataBase.xcdatamodel */,
			);
			currentVersion = 230852892AA81CF200C76ABB /* ChatDataBase.xcdatamodel */;
			path = "Vapor-Sockets.xcdatamodeld";
			sourceTree = "<group>";
			versionGroupType = wrapper.xcdatamodel;
		};
/* End XCVersionGroup section */
	};
	rootObject = 2300CD0C2A9FA80600CA1807 /* Project object */;
}
